
Microsoft Visual Studio Solution File, Format Version 12.00
# Visual Studio Version 17
VisualStudioVersion = 17.4.33205.214
MinimumVisualStudioVersion = 10.0.40219.1
Project("{FAE04EC0-301F-11D3-BF4B-00C04F79EFBC}") = "PriceTracking.Core", "PriceTracking.Core\PriceTracking.Core.csproj", "{2C2A9AD4-C83B-4E70-BA65-67C73EABA447}"
EndProject
Project("{FAE04EC0-301F-11D3-BF4B-00C04F79EFBC}") = "PriceTracking.Repository", "PriceTracking.Repository\PriceTracking.Repository.csproj", "{BEF48E70-F2C8-47ED-9162-E7E9B020F60E}"
EndProject
Project("{FAE04EC0-301F-11D3-BF4B-00C04F79EFBC}") = "PriceTracking.Service", "PriceTracking.Service\PriceTracking.Service.csproj", "{EC129831-9DF7-4398-A02C-45EB1B8554D2}"
EndProject
Project("{FAE04EC0-301F-11D3-BF4B-00C04F79EFBC}") = "PriceTracking.API", "PriceTracking.API\PriceTracking.API.csproj", "{3006347D-FCE2-4877-948D-EDA0E037F568}"
EndProject
Project("{FAE04EC0-301F-11D3-BF4B-00C04F79EFBC}") = "PriceTracking.Caching", "PriceTracking.Caching\PriceTracking.Caching.csproj", "{5FE8BFD3-D261-403F-BFFF-85D97AF4B872}"
EndProject
Global
	GlobalSection(SolutionConfigurationPlatforms) = preSolution
		Debug|Any CPU = Debug|Any CPU
		Release|Any CPU = Release|Any CPU
	EndGlobalSection
	GlobalSection(ProjectConfigurationPlatforms) = postSolution
		{2C2A9AD4-C83B-4E70-BA65-67C73EABA447}.Debug|Any CPU.ActiveCfg = Debug|Any CPU
		{2C2A9AD4-C83B-4E70-BA65-67C73EABA447}.Debug|Any CPU.Build.0 = Debug|Any CPU
		{2C2A9AD4-C83B-4E70-BA65-67C73EABA447}.Release|Any CPU.ActiveCfg = Release|Any CPU
		{2C2A9AD4-C83B-4E70-BA65-67C73EABA447}.Release|Any CPU.Build.0 = Release|Any CPU
		{BEF48E70-F2C8-47ED-9162-E7E9B020F60E}.Debug|Any CPU.ActiveCfg = Debug|Any CPU
		{BEF48E70-F2C8-47ED-9162-E7E9B020F60E}.Debug|Any CPU.Build.0 = Debug|Any CPU
		{BEF48E70-F2C8-47ED-9162-E7E9B020F60E}.Release|Any CPU.ActiveCfg = Release|Any CPU
		{BEF48E70-F2C8-47ED-9162-E7E9B020F60E}.Release|Any CPU.Build.0 = Release|Any CPU
		{EC129831-9DF7-4398-A02C-45EB1B8554D2}.Debug|Any CPU.ActiveCfg = Debug|Any CPU
		{EC129831-9DF7-4398-A02C-45EB1B8554D2}.Debug|Any CPU.Build.0 = Debug|Any CPU
		{EC129831-9DF7-4398-A02C-45EB1B8554D2}.Release|Any CPU.ActiveCfg = Release|Any CPU
		{EC129831-9DF7-4398-A02C-45EB1B8554D2}.Release|Any CPU.Build.0 = Release|Any CPU
		{3006347D-FCE2-4877-948D-EDA0E037F568}.Debug|Any CPU.ActiveCfg = Debug|Any CPU
		{3006347D-FCE2-4877-948D-EDA0E037F568}.Debug|Any CPU.Build.0 = Debug|Any CPU
		{3006347D-FCE2-4877-948D-EDA0E037F568}.Release|Any CPU.ActiveCfg = Release|Any CPU
		{3006347D-FCE2-4877-948D-EDA0E037F568}.Release|Any CPU.Build.0 = Release|Any CPU
		{5FE8BFD3-D261-403F-BFFF-85D97AF4B872}.Debug|Any CPU.ActiveCfg = Debug|Any CPU
		{5FE8BFD3-D261-403F-BFFF-85D97AF4B872}.Debug|Any CPU.Build.0 = Debug|Any CPU
		{5FE8BFD3-D261-403F-BFFF-85D97AF4B872}.Release|Any CPU.ActiveCfg = Release|Any CPU
		{5FE8BFD3-D261-403F-BFFF-85D97AF4B872}.Release|Any CPU.Build.0 = Release|Any CPU
	EndGlobalSection
	GlobalSection(SolutionProperties) = preSolution
		HideSolutionNode = FALSE
	EndGlobalSection
	GlobalSection(ExtensibilityGlobals) = postSolution
		SolutionGuid = {2405400D-51CE-42DF-AE8A-CDF1D8D96717}
	EndGlobalSection
EndGlobal
